
Microsoft Visual Studio Solution File, Format Version 12.00
# Visual Studio 14
VisualStudioVersion = 14.0.25420.1
MinimumVisualStudioVersion = 10.0.40219.1
Project("{FAE04EC0-301F-11D3-BF4B-00C04F79EFBC}") = "SimpleGlobish", "SimpleGlobish\SimpleGlobish\SimpleGlobish.csproj", "{03246B85-46E6-430C-8DD4-3D447BCF26D3}"
EndProject
Project("{FAE04EC0-301F-11D3-BF4B-00C04F79EFBC}") = "SimpleGlobish.Droid", "SimpleGlobish\SimpleGlobish.Droid\SimpleGlobish.Droid.csproj", "{C353AC86-ACA8-44A5-A480-B63EF2B99E91}"
EndProject
Project("{FAE04EC0-301F-11D3-BF4B-00C04F79EFBC}") = "SimpleGlobish.iOS", "SimpleGlobish\SimpleGlobish.iOS\SimpleGlobish.iOS.csproj", "{EA1E64C2-69DB-4F3C-8419-BF3839559D85}"
EndProject
Project("{FAE04EC0-301F-11D3-BF4B-00C04F79EFBC}") = "SimpleGlobish.WinPhone", "SimpleGlobish\SimpleGlobish.WinPhone\SimpleGlobish.WinPhone.csproj", "{4D99B582-4CD6-4872-8783-AC5F2D9252AE}"
EndProject
Project("{FAE04EC0-301F-11D3-BF4B-00C04F79EFBC}") = "SimpleGlobish.UWP", "SimpleGlobish\SimpleGlobish.UWP\SimpleGlobish.UWP.csproj", "{480B43B5-2BB1-4BB0-9DBE-A51AEE9D160F}"
EndProject
Project("{FAE04EC0-301F-11D3-BF4B-00C04F79EFBC}") = "SimpleGlobish.Windows", "SimpleGlobish\SimpleGlobish.Windows\SimpleGlobish.Windows.csproj", "{4D35A1B9-46B0-4C49-92CC-A92FEC09160E}"
EndProject
Global
	GlobalSection(SolutionConfigurationPlatforms) = preSolution
		Ad-Hoc|Any CPU = Ad-Hoc|Any CPU
		Ad-Hoc|ARM = Ad-Hoc|ARM
		Ad-Hoc|iPhone = Ad-Hoc|iPhone
		Ad-Hoc|iPhoneSimulator = Ad-Hoc|iPhoneSimulator
		Ad-Hoc|x64 = Ad-Hoc|x64
		Ad-Hoc|x86 = Ad-Hoc|x86
		AppStore|Any CPU = AppStore|Any CPU
		AppStore|ARM = AppStore|ARM
		AppStore|iPhone = AppStore|iPhone
		AppStore|iPhoneSimulator = AppStore|iPhoneSimulator
		AppStore|x64 = AppStore|x64
		AppStore|x86 = AppStore|x86
		Debug|Any CPU = Debug|Any CPU
		Debug|ARM = Debug|ARM
		Debug|iPhone = Debug|iPhone
		Debug|iPhoneSimulator = Debug|iPhoneSimulator
		Debug|x64 = Debug|x64
		Debug|x86 = Debug|x86
		Release|Any CPU = Release|Any CPU
		Release|ARM = Release|ARM
		Release|iPhone = Release|iPhone
		Release|iPhoneSimulator = Release|iPhoneSimulator
		Release|x64 = Release|x64
		Release|x86 = Release|x86
	EndGlobalSection
	GlobalSection(ProjectConfigurationPlatforms) = postSolution
		{03246B85-46E6-430C-8DD4-3D447BCF26D3}.Ad-Hoc|Any CPU.ActiveCfg = Release|Any CPU
		{03246B85-46E6-430C-8DD4-3D447BCF26D3}.Ad-Hoc|Any CPU.Build.0 = Release|Any CPU
		{03246B85-46E6-430C-8DD4-3D447BCF26D3}.Ad-Hoc|ARM.ActiveCfg = Release|Any CPU
		{03246B85-46E6-430C-8DD4-3D447BCF26D3}.Ad-Hoc|ARM.Build.0 = Release|Any CPU
		{03246B85-46E6-430C-8DD4-3D447BCF26D3}.Ad-Hoc|iPhone.ActiveCfg = Release|Any CPU
		{03246B85-46E6-430C-8DD4-3D447BCF26D3}.Ad-Hoc|iPhone.Build.0 = Release|Any CPU
		{03246B85-46E6-430C-8DD4-3D447BCF26D3}.Ad-Hoc|iPhoneSimulator.ActiveCfg = Release|Any CPU
		{03246B85-46E6-430C-8DD4-3D447BCF26D3}.Ad-Hoc|iPhoneSimulator.Build.0 = Release|Any CPU
		{03246B85-46E6-430C-8DD4-3D447BCF26D3}.Ad-Hoc|x64.ActiveCfg = Release|Any CPU
		{03246B85-46E6-430C-8DD4-3D447BCF26D3}.Ad-Hoc|x64.Build.0 = Release|Any CPU
		{03246B85-46E6-430C-8DD4-3D447BCF26D3}.Ad-Hoc|x86.ActiveCfg = Release|Any CPU
		{03246B85-46E6-430C-8DD4-3D447BCF26D3}.Ad-Hoc|x86.Build.0 = Release|Any CPU
		{03246B85-46E6-430C-8DD4-3D447BCF26D3}.AppStore|Any CPU.ActiveCfg = Release|Any CPU
		{03246B85-46E6-430C-8DD4-3D447BCF26D3}.AppStore|Any CPU.Build.0 = Release|Any CPU
		{03246B85-46E6-430C-8DD4-3D447BCF26D3}.AppStore|ARM.ActiveCfg = Release|Any CPU
		{03246B85-46E6-430C-8DD4-3D447BCF26D3}.AppStore|ARM.Build.0 = Release|Any CPU
		{03246B85-46E6-430C-8DD4-3D447BCF26D3}.AppStore|iPhone.ActiveCfg = Release|Any CPU
		{03246B85-46E6-430C-8DD4-3D447BCF26D3}.AppStore|iPhone.Build.0 = Release|Any CPU
		{03246B85-46E6-430C-8DD4-3D447BCF26D3}.AppStore|iPhoneSimulator.ActiveCfg = Release|Any CPU
		{03246B85-46E6-430C-8DD4-3D447BCF26D3}.AppStore|iPhoneSimulator.Build.0 = Release|Any CPU
		{03246B85-46E6-430C-8DD4-3D447BCF26D3}.AppStore|x64.ActiveCfg = Release|Any CPU
		{03246B85-46E6-430C-8DD4-3D447BCF26D3}.AppStore|x64.Build.0 = Release|Any CPU
		{03246B85-46E6-430C-8DD4-3D447BCF26D3}.AppStore|x86.ActiveCfg = Release|Any CPU
		{03246B85-46E6-430C-8DD4-3D447BCF26D3}.AppStore|x86.Build.0 = Release|Any CPU
		{03246B85-46E6-430C-8DD4-3D447BCF26D3}.Debug|Any CPU.ActiveCfg = Debug|Any CPU
		{03246B85-46E6-430C-8DD4-3D447BCF26D3}.Debug|Any CPU.Build.0 = Debug|Any CPU
		{03246B85-46E6-430C-8DD4-3D447BCF26D3}.Debug|ARM.ActiveCfg = Debug|Any CPU
		{03246B85-46E6-430C-8DD4-3D447BCF26D3}.Debug|ARM.Build.0 = Debug|Any CPU
		{03246B85-46E6-430C-8DD4-3D447BCF26D3}.Debug|iPhone.ActiveCfg = Debug|Any CPU
		{03246B85-46E6-430C-8DD4-3D447BCF26D3}.Debug|iPhone.Build.0 = Debug|Any CPU
		{03246B85-46E6-430C-8DD4-3D447BCF26D3}.Debug|iPhoneSimulator.ActiveCfg = Debug|Any CPU
		{03246B85-46E6-430C-8DD4-3D447BCF26D3}.Debug|iPhoneSimulator.Build.0 = Debug|Any CPU
		{03246B85-46E6-430C-8DD4-3D447BCF26D3}.Debug|x64.ActiveCfg = Debug|Any CPU
		{03246B85-46E6-430C-8DD4-3D447BCF26D3}.Debug|x64.Build.0 = Debug|Any CPU
		{03246B85-46E6-430C-8DD4-3D447BCF26D3}.Debug|x86.ActiveCfg = Debug|Any CPU
		{03246B85-46E6-430C-8DD4-3D447BCF26D3}.Debug|x86.Build.0 = Debug|Any CPU
		{03246B85-46E6-430C-8DD4-3D447BCF26D3}.Release|Any CPU.ActiveCfg = Release|Any CPU
		{03246B85-46E6-430C-8DD4-3D447BCF26D3}.Release|Any CPU.Build.0 = Release|Any CPU
		{03246B85-46E6-430C-8DD4-3D447BCF26D3}.Release|ARM.ActiveCfg = Release|Any CPU
		{03246B85-46E6-430C-8DD4-3D447BCF26D3}.Release|ARM.Build.0 = Release|Any CPU
		{03246B85-46E6-430C-8DD4-3D447BCF26D3}.Release|iPhone.ActiveCfg = Release|Any CPU
		{03246B85-46E6-430C-8DD4-3D447BCF26D3}.Release|iPhone.Build.0 = Release|Any CPU
		{03246B85-46E6-430C-8DD4-3D447BCF26D3}.Release|iPhoneSimulator.ActiveCfg = Release|Any CPU
		{03246B85-46E6-430C-8DD4-3D447BCF26D3}.Release|iPhoneSimulator.Build.0 = Release|Any CPU
		{03246B85-46E6-430C-8DD4-3D447BCF26D3}.Release|x64.ActiveCfg = Release|Any CPU
		{03246B85-46E6-430C-8DD4-3D447BCF26D3}.Release|x64.Build.0 = Release|Any CPU
		{03246B85-46E6-430C-8DD4-3D447BCF26D3}.Release|x86.ActiveCfg = Release|Any CPU
		{03246B85-46E6-430C-8DD4-3D447BCF26D3}.Release|x86.Build.0 = Release|Any CPU
		{C353AC86-ACA8-44A5-A480-B63EF2B99E91}.Ad-Hoc|Any CPU.ActiveCfg = Release|Any CPU
		{C353AC86-ACA8-44A5-A480-B63EF2B99E91}.Ad-Hoc|Any CPU.Build.0 = Release|Any CPU
		{C353AC86-ACA8-44A5-A480-B63EF2B99E91}.Ad-Hoc|Any CPU.Deploy.0 = Release|Any CPU
		{C353AC86-ACA8-44A5-A480-B63EF2B99E91}.Ad-Hoc|ARM.ActiveCfg = Release|Any CPU
		{C353AC86-ACA8-44A5-A480-B63EF2B99E91}.Ad-Hoc|ARM.Build.0 = Release|Any CPU
		{C353AC86-ACA8-44A5-A480-B63EF2B99E91}.Ad-Hoc|ARM.Deploy.0 = Release|Any CPU
		{C353AC86-ACA8-44A5-A480-B63EF2B99E91}.Ad-Hoc|iPhone.ActiveCfg = Release|Any CPU
		{C353AC86-ACA8-44A5-A480-B63EF2B99E91}.Ad-Hoc|iPhone.Build.0 = Release|Any CPU
		{C353AC86-ACA8-44A5-A480-B63EF2B99E91}.Ad-Hoc|iPhone.Deploy.0 = Release|Any CPU
		{C353AC86-ACA8-44A5-A480-B63EF2B99E91}.Ad-Hoc|iPhoneSimulator.ActiveCfg = Release|Any CPU
		{C353AC86-ACA8-44A5-A480-B63EF2B99E91}.Ad-Hoc|iPhoneSimulator.Build.0 = Release|Any CPU
		{C353AC86-ACA8-44A5-A480-B63EF2B99E91}.Ad-Hoc|iPhoneSimulator.Deploy.0 = Release|Any CPU
		{C353AC86-ACA8-44A5-A480-B63EF2B99E91}.Ad-Hoc|x64.ActiveCfg = Release|Any CPU
		{C353AC86-ACA8-44A5-A480-B63EF2B99E91}.Ad-Hoc|x64.Build.0 = Release|Any CPU
		{C353AC86-ACA8-44A5-A480-B63EF2B99E91}.Ad-Hoc|x64.Deploy.0 = Release|Any CPU
		{C353AC86-ACA8-44A5-A480-B63EF2B99E91}.Ad-Hoc|x86.ActiveCfg = Release|Any CPU
		{C353AC86-ACA8-44A5-A480-B63EF2B99E91}.Ad-Hoc|x86.Build.0 = Release|Any CPU
		{C353AC86-ACA8-44A5-A480-B63EF2B99E91}.Ad-Hoc|x86.Deploy.0 = Release|Any CPU
		{C353AC86-ACA8-44A5-A480-B63EF2B99E91}.AppStore|Any CPU.ActiveCfg = Release|Any CPU
		{C353AC86-ACA8-44A5-A480-B63EF2B99E91}.AppStore|Any CPU.Build.0 = Release|Any CPU
		{C353AC86-ACA8-44A5-A480-B63EF2B99E91}.AppStore|Any CPU.Deploy.0 = Release|Any CPU
		{C353AC86-ACA8-44A5-A480-B63EF2B99E91}.AppStore|ARM.ActiveCfg = Release|Any CPU
		{C353AC86-ACA8-44A5-A480-B63EF2B99E91}.AppStore|ARM.Build.0 = Release|Any CPU
		{C353AC86-ACA8-44A5-A480-B63EF2B99E91}.AppStore|ARM.Deploy.0 = Release|Any CPU
		{C353AC86-ACA8-44A5-A480-B63EF2B99E91}.AppStore|iPhone.ActiveCfg = Release|Any CPU
		{C353AC86-ACA8-44A5-A480-B63EF2B99E91}.AppStore|iPhone.Build.0 = Release|Any CPU
		{C353AC86-ACA8-44A5-A480-B63EF2B99E91}.AppStore|iPhone.Deploy.0 = Release|Any CPU
		{C353AC86-ACA8-44A5-A480-B63EF2B99E91}.AppStore|iPhoneSimulator.ActiveCfg = Release|Any CPU
		{C353AC86-ACA8-44A5-A480-B63EF2B99E91}.AppStore|iPhoneSimulator.Build.0 = Release|Any CPU
		{C353AC86-ACA8-44A5-A480-B63EF2B99E91}.AppStore|iPhoneSimulator.Deploy.0 = Release|Any CPU
		{C353AC86-ACA8-44A5-A480-B63EF2B99E91}.AppStore|x64.ActiveCfg = Release|Any CPU
		{C353AC86-ACA8-44A5-A480-B63EF2B99E91}.AppStore|x64.Build.0 = Release|Any CPU
		{C353AC86-ACA8-44A5-A480-B63EF2B99E91}.AppStore|x64.Deploy.0 = Release|Any CPU
		{C353AC86-ACA8-44A5-A480-B63EF2B99E91}.AppStore|x86.ActiveCfg = Release|Any CPU
		{C353AC86-ACA8-44A5-A480-B63EF2B99E91}.AppStore|x86.Build.0 = Release|Any CPU
		{C353AC86-ACA8-44A5-A480-B63EF2B99E91}.AppStore|x86.Deploy.0 = Release|Any CPU
		{C353AC86-ACA8-44A5-A480-B63EF2B99E91}.Debug|Any CPU.ActiveCfg = Debug|Any CPU
		{C353AC86-ACA8-44A5-A480-B63EF2B99E91}.Debug|Any CPU.Build.0 = Debug|Any CPU
		{C353AC86-ACA8-44A5-A480-B63EF2B99E91}.Debug|Any CPU.Deploy.0 = Debug|Any CPU
		{C353AC86-ACA8-44A5-A480-B63EF2B99E91}.Debug|ARM.ActiveCfg = Debug|Any CPU
		{C353AC86-ACA8-44A5-A480-B63EF2B99E91}.Debug|ARM.Build.0 = Debug|Any CPU
		{C353AC86-ACA8-44A5-A480-B63EF2B99E91}.Debug|ARM.Deploy.0 = Debug|Any CPU
		{C353AC86-ACA8-44A5-A480-B63EF2B99E91}.Debug|iPhone.ActiveCfg = Debug|Any CPU
		{C353AC86-ACA8-44A5-A480-B63EF2B99E91}.Debug|iPhone.Build.0 = Debug|Any CPU
		{C353AC86-ACA8-44A5-A480-B63EF2B99E91}.Debug|iPhone.Deploy.0 = Debug|Any CPU
		{C353AC86-ACA8-44A5-A480-B63EF2B99E91}.Debug|iPhoneSimulator.ActiveCfg = Debug|Any CPU
		{C353AC86-ACA8-44A5-A480-B63EF2B99E91}.Debug|iPhoneSimulator.Build.0 = Debug|Any CPU
		{C353AC86-ACA8-44A5-A480-B63EF2B99E91}.Debug|iPhoneSimulator.Deploy.0 = Debug|Any CPU
		{C353AC86-ACA8-44A5-A480-B63EF2B99E91}.Debug|x64.ActiveCfg = Debug|Any CPU
		{C353AC86-ACA8-44A5-A480-B63EF2B99E91}.Debug|x64.Build.0 = Debug|Any CPU
		{C353AC86-ACA8-44A5-A480-B63EF2B99E91}.Debug|x64.Deploy.0 = Debug|Any CPU
		{C353AC86-ACA8-44A5-A480-B63EF2B99E91}.Debug|x86.ActiveCfg = Debug|Any CPU
		{C353AC86-ACA8-44A5-A480-B63EF2B99E91}.Debug|x86.Build.0 = Debug|Any CPU
		{C353AC86-ACA8-44A5-A480-B63EF2B99E91}.Debug|x86.Deploy.0 = Debug|Any CPU
		{C353AC86-ACA8-44A5-A480-B63EF2B99E91}.Release|Any CPU.ActiveCfg = Release|Any CPU
		{C353AC86-ACA8-44A5-A480-B63EF2B99E91}.Release|Any CPU.Build.0 = Release|Any CPU
		{C353AC86-ACA8-44A5-A480-B63EF2B99E91}.Release|Any CPU.Deploy.0 = Release|Any CPU
		{C353AC86-ACA8-44A5-A480-B63EF2B99E91}.Release|ARM.ActiveCfg = Release|Any CPU
		{C353AC86-ACA8-44A5-A480-B63EF2B99E91}.Release|ARM.Build.0 = Release|Any CPU
		{C353AC86-ACA8-44A5-A480-B63EF2B99E91}.Release|ARM.Deploy.0 = Release|Any CPU
		{C353AC86-ACA8-44A5-A480-B63EF2B99E91}.Release|iPhone.ActiveCfg = Release|Any CPU
		{C353AC86-ACA8-44A5-A480-B63EF2B99E91}.Release|iPhone.Build.0 = Release|Any CPU
		{C353AC86-ACA8-44A5-A480-B63EF2B99E91}.Release|iPhone.Deploy.0 = Release|Any CPU
		{C353AC86-ACA8-44A5-A480-B63EF2B99E91}.Release|iPhoneSimulator.ActiveCfg = Release|Any CPU
		{C353AC86-ACA8-44A5-A480-B63EF2B99E91}.Release|iPhoneSimulator.Build.0 = Release|Any CPU
		{C353AC86-ACA8-44A5-A480-B63EF2B99E91}.Release|iPhoneSimulator.Deploy.0 = Release|Any CPU
		{C353AC86-ACA8-44A5-A480-B63EF2B99E91}.Release|x64.ActiveCfg = Release|Any CPU
		{C353AC86-ACA8-44A5-A480-B63EF2B99E91}.Release|x64.Build.0 = Release|Any CPU
		{C353AC86-ACA8-44A5-A480-B63EF2B99E91}.Release|x64.Deploy.0 = Release|Any CPU
		{C353AC86-ACA8-44A5-A480-B63EF2B99E91}.Release|x86.ActiveCfg = Release|Any CPU
		{C353AC86-ACA8-44A5-A480-B63EF2B99E91}.Release|x86.Build.0 = Release|Any CPU
		{C353AC86-ACA8-44A5-A480-B63EF2B99E91}.Release|x86.Deploy.0 = Release|Any CPU
		{EA1E64C2-69DB-4F3C-8419-BF3839559D85}.Ad-Hoc|Any CPU.ActiveCfg = Ad-Hoc|iPhone
		{EA1E64C2-69DB-4F3C-8419-BF3839559D85}.Ad-Hoc|ARM.ActiveCfg = Ad-Hoc|iPhone
		{EA1E64C2-69DB-4F3C-8419-BF3839559D85}.Ad-Hoc|iPhone.ActiveCfg = Ad-Hoc|iPhone
		{EA1E64C2-69DB-4F3C-8419-BF3839559D85}.Ad-Hoc|iPhone.Build.0 = Ad-Hoc|iPhone
		{EA1E64C2-69DB-4F3C-8419-BF3839559D85}.Ad-Hoc|iPhoneSimulator.ActiveCfg = Ad-Hoc|iPhoneSimulator
		{EA1E64C2-69DB-4F3C-8419-BF3839559D85}.Ad-Hoc|iPhoneSimulator.Build.0 = Ad-Hoc|iPhoneSimulator
		{EA1E64C2-69DB-4F3C-8419-BF3839559D85}.Ad-Hoc|x64.ActiveCfg = Ad-Hoc|iPhone
		{EA1E64C2-69DB-4F3C-8419-BF3839559D85}.Ad-Hoc|x86.ActiveCfg = Ad-Hoc|iPhone
		{EA1E64C2-69DB-4F3C-8419-BF3839559D85}.AppStore|Any CPU.ActiveCfg = AppStore|iPhone
		{EA1E64C2-69DB-4F3C-8419-BF3839559D85}.AppStore|ARM.ActiveCfg = AppStore|iPhone
		{EA1E64C2-69DB-4F3C-8419-BF3839559D85}.AppStore|iPhone.ActiveCfg = AppStore|iPhone
		{EA1E64C2-69DB-4F3C-8419-BF3839559D85}.AppStore|iPhone.Build.0 = AppStore|iPhone
		{EA1E64C2-69DB-4F3C-8419-BF3839559D85}.AppStore|iPhoneSimulator.ActiveCfg = AppStore|iPhoneSimulator
		{EA1E64C2-69DB-4F3C-8419-BF3839559D85}.AppStore|iPhoneSimulator.Build.0 = AppStore|iPhoneSimulator
		{EA1E64C2-69DB-4F3C-8419-BF3839559D85}.AppStore|x64.ActiveCfg = AppStore|iPhone
		{EA1E64C2-69DB-4F3C-8419-BF3839559D85}.AppStore|x86.ActiveCfg = AppStore|iPhone
		{EA1E64C2-69DB-4F3C-8419-BF3839559D85}.Debug|Any CPU.ActiveCfg = Debug|iPhone
		{EA1E64C2-69DB-4F3C-8419-BF3839559D85}.Debug|ARM.ActiveCfg = Debug|iPhone
		{EA1E64C2-69DB-4F3C-8419-BF3839559D85}.Debug|iPhone.ActiveCfg = Debug|iPhone
		{EA1E64C2-69DB-4F3C-8419-BF3839559D85}.Debug|iPhone.Build.0 = Debug|iPhone
		{EA1E64C2-69DB-4F3C-8419-BF3839559D85}.Debug|iPhoneSimulator.ActiveCfg = Debug|iPhoneSimulator
		{EA1E64C2-69DB-4F3C-8419-BF3839559D85}.Debug|iPhoneSimulator.Build.0 = Debug|iPhoneSimulator
		{EA1E64C2-69DB-4F3C-8419-BF3839559D85}.Debug|x64.ActiveCfg = Debug|iPhone
		{EA1E64C2-69DB-4F3C-8419-BF3839559D85}.Debug|x86.ActiveCfg = Debug|iPhone
		{EA1E64C2-69DB-4F3C-8419-BF3839559D85}.Release|Any CPU.ActiveCfg = Release|iPhone
		{EA1E64C2-69DB-4F3C-8419-BF3839559D85}.Release|ARM.ActiveCfg = Release|iPhone
		{EA1E64C2-69DB-4F3C-8419-BF3839559D85}.Release|iPhone.ActiveCfg = Release|iPhone
		{EA1E64C2-69DB-4F3C-8419-BF3839559D85}.Release|iPhone.Build.0 = Release|iPhone
		{EA1E64C2-69DB-4F3C-8419-BF3839559D85}.Release|iPhoneSimulator.ActiveCfg = Release|iPhoneSimulator
		{EA1E64C2-69DB-4F3C-8419-BF3839559D85}.Release|iPhoneSimulator.Build.0 = Release|iPhoneSimulator
		{EA1E64C2-69DB-4F3C-8419-BF3839559D85}.Release|x64.ActiveCfg = Release|iPhone
		{EA1E64C2-69DB-4F3C-8419-BF3839559D85}.Release|x86.ActiveCfg = Release|iPhone
		{4D99B582-4CD6-4872-8783-AC5F2D9252AE}.Ad-Hoc|Any CPU.ActiveCfg = Release|Any CPU
		{4D99B582-4CD6-4872-8783-AC5F2D9252AE}.Ad-Hoc|Any CPU.Build.0 = Release|Any CPU
		{4D99B582-4CD6-4872-8783-AC5F2D9252AE}.Ad-Hoc|Any CPU.Deploy.0 = Release|Any CPU
		{4D99B582-4CD6-4872-8783-AC5F2D9252AE}.Ad-Hoc|ARM.ActiveCfg = Release|ARM
		{4D99B582-4CD6-4872-8783-AC5F2D9252AE}.Ad-Hoc|ARM.Build.0 = Release|ARM
		{4D99B582-4CD6-4872-8783-AC5F2D9252AE}.Ad-Hoc|ARM.Deploy.0 = Release|ARM
		{4D99B582-4CD6-4872-8783-AC5F2D9252AE}.Ad-Hoc|iPhone.ActiveCfg = Release|Any CPU
		{4D99B582-4CD6-4872-8783-AC5F2D9252AE}.Ad-Hoc|iPhone.Build.0 = Release|Any CPU
		{4D99B582-4CD6-4872-8783-AC5F2D9252AE}.Ad-Hoc|iPhone.Deploy.0 = Release|Any CPU
		{4D99B582-4CD6-4872-8783-AC5F2D9252AE}.Ad-Hoc|iPhoneSimulator.ActiveCfg = Release|Any CPU
		{4D99B582-4CD6-4872-8783-AC5F2D9252AE}.Ad-Hoc|iPhoneSimulator.Build.0 = Release|Any CPU
		{4D99B582-4CD6-4872-8783-AC5F2D9252AE}.Ad-Hoc|iPhoneSimulator.Deploy.0 = Release|Any CPU
		{4D99B582-4CD6-4872-8783-AC5F2D9252AE}.Ad-Hoc|x64.ActiveCfg = Release|Any CPU
		{4D99B582-4CD6-4872-8783-AC5F2D9252AE}.Ad-Hoc|x64.Build.0 = Release|Any CPU
		{4D99B582-4CD6-4872-8783-AC5F2D9252AE}.Ad-Hoc|x64.Deploy.0 = Release|Any CPU
		{4D99B582-4CD6-4872-8783-AC5F2D9252AE}.Ad-Hoc|x86.ActiveCfg = Release|x86
		{4D99B582-4CD6-4872-8783-AC5F2D9252AE}.Ad-Hoc|x86.Build.0 = Release|x86
		{4D99B582-4CD6-4872-8783-AC5F2D9252AE}.Ad-Hoc|x86.Deploy.0 = Release|x86
		{4D99B582-4CD6-4872-8783-AC5F2D9252AE}.AppStore|Any CPU.ActiveCfg = Release|Any CPU
		{4D99B582-4CD6-4872-8783-AC5F2D9252AE}.AppStore|Any CPU.Build.0 = Release|Any CPU
		{4D99B582-4CD6-4872-8783-AC5F2D9252AE}.AppStore|Any CPU.Deploy.0 = Release|Any CPU
		{4D99B582-4CD6-4872-8783-AC5F2D9252AE}.AppStore|ARM.ActiveCfg = Release|ARM
		{4D99B582-4CD6-4872-8783-AC5F2D9252AE}.AppStore|ARM.Build.0 = Release|ARM
		{4D99B582-4CD6-4872-8783-AC5F2D9252AE}.AppStore|ARM.Deploy.0 = Release|ARM
		{4D99B582-4CD6-4872-8783-AC5F2D9252AE}.AppStore|iPhone.ActiveCfg = Release|Any CPU
		{4D99B582-4CD6-4872-8783-AC5F2D9252AE}.AppStore|iPhone.Build.0 = Release|Any CPU
		{4D99B582-4CD6-4872-8783-AC5F2D9252AE}.AppStore|iPhone.Deploy.0 = Release|Any CPU
		{4D99B582-4CD6-4872-8783-AC5F2D9252AE}.AppStore|iPhoneSimulator.ActiveCfg = Release|Any CPU
		{4D99B582-4CD6-4872-8783-AC5F2D9252AE}.AppStore|iPhoneSimulator.Build.0 = Release|Any CPU
		{4D99B582-4CD6-4872-8783-AC5F2D9252AE}.AppStore|iPhoneSimulator.Deploy.0 = Release|Any CPU
		{4D99B582-4CD6-4872-8783-AC5F2D9252AE}.AppStore|x64.ActiveCfg = Release|Any CPU
		{4D99B582-4CD6-4872-8783-AC5F2D9252AE}.AppStore|x64.Build.0 = Release|Any CPU
		{4D99B582-4CD6-4872-8783-AC5F2D9252AE}.AppStore|x64.Deploy.0 = Release|Any CPU
		{4D99B582-4CD6-4872-8783-AC5F2D9252AE}.AppStore|x86.ActiveCfg = Release|x86
		{4D99B582-4CD6-4872-8783-AC5F2D9252AE}.AppStore|x86.Build.0 = Release|x86
		{4D99B582-4CD6-4872-8783-AC5F2D9252AE}.AppStore|x86.Deploy.0 = Release|x86
		{4D99B582-4CD6-4872-8783-AC5F2D9252AE}.Debug|Any CPU.ActiveCfg = Debug|Any CPU
		{4D99B582-4CD6-4872-8783-AC5F2D9252AE}.Debug|Any CPU.Build.0 = Debug|Any CPU
		{4D99B582-4CD6-4872-8783-AC5F2D9252AE}.Debug|Any CPU.Deploy.0 = Debug|Any CPU
		{4D99B582-4CD6-4872-8783-AC5F2D9252AE}.Debug|ARM.ActiveCfg = Debug|ARM
		{4D99B582-4CD6-4872-8783-AC5F2D9252AE}.Debug|ARM.Build.0 = Debug|ARM
		{4D99B582-4CD6-4872-8783-AC5F2D9252AE}.Debug|ARM.Deploy.0 = Debug|ARM
		{4D99B582-4CD6-4872-8783-AC5F2D9252AE}.Debug|iPhone.ActiveCfg = Debug|Any CPU
		{4D99B582-4CD6-4872-8783-AC5F2D9252AE}.Debug|iPhone.Build.0 = Debug|Any CPU
		{4D99B582-4CD6-4872-8783-AC5F2D9252AE}.Debug|iPhone.Deploy.0 = Debug|Any CPU
		{4D99B582-4CD6-4872-8783-AC5F2D9252AE}.Debug|iPhoneSimulator.ActiveCfg = Debug|Any CPU
		{4D99B582-4CD6-4872-8783-AC5F2D9252AE}.Debug|iPhoneSimulator.Build.0 = Debug|Any CPU
		{4D99B582-4CD6-4872-8783-AC5F2D9252AE}.Debug|iPhoneSimulator.Deploy.0 = Debug|Any CPU
		{4D99B582-4CD6-4872-8783-AC5F2D9252AE}.Debug|x64.ActiveCfg = Debug|Any CPU
		{4D99B582-4CD6-4872-8783-AC5F2D9252AE}.Debug|x64.Build.0 = Debug|Any CPU
		{4D99B582-4CD6-4872-8783-AC5F2D9252AE}.Debug|x64.Deploy.0 = Debug|Any CPU
		{4D99B582-4CD6-4872-8783-AC5F2D9252AE}.Debug|x86.ActiveCfg = Debug|x86
		{4D99B582-4CD6-4872-8783-AC5F2D9252AE}.Debug|x86.Build.0 = Debug|x86
		{4D99B582-4CD6-4872-8783-AC5F2D9252AE}.Debug|x86.Deploy.0 = Debug|x86
		{4D99B582-4CD6-4872-8783-AC5F2D9252AE}.Release|Any CPU.ActiveCfg = Release|Any CPU
		{4D99B582-4CD6-4872-8783-AC5F2D9252AE}.Release|Any CPU.Build.0 = Release|Any CPU
		{4D99B582-4CD6-4872-8783-AC5F2D9252AE}.Release|Any CPU.Deploy.0 = Release|Any CPU
		{4D99B582-4CD6-4872-8783-AC5F2D9252AE}.Release|ARM.ActiveCfg = Release|ARM
		{4D99B582-4CD6-4872-8783-AC5F2D9252AE}.Release|ARM.Build.0 = Release|ARM
		{4D99B582-4CD6-4872-8783-AC5F2D9252AE}.Release|ARM.Deploy.0 = Release|ARM
		{4D99B582-4CD6-4872-8783-AC5F2D9252AE}.Release|iPhone.ActiveCfg = Release|Any CPU
		{4D99B582-4CD6-4872-8783-AC5F2D9252AE}.Release|iPhone.Build.0 = Release|Any CPU
		{4D99B582-4CD6-4872-8783-AC5F2D9252AE}.Release|iPhone.Deploy.0 = Release|Any CPU
		{4D99B582-4CD6-4872-8783-AC5F2D9252AE}.Release|iPhoneSimulator.ActiveCfg = Release|Any CPU
		{4D99B582-4CD6-4872-8783-AC5F2D9252AE}.Release|iPhoneSimulator.Build.0 = Release|Any CPU
		{4D99B582-4CD6-4872-8783-AC5F2D9252AE}.Release|iPhoneSimulator.Deploy.0 = Release|Any CPU
		{4D99B582-4CD6-4872-8783-AC5F2D9252AE}.Release|x64.ActiveCfg = Release|Any CPU
		{4D99B582-4CD6-4872-8783-AC5F2D9252AE}.Release|x64.Build.0 = Release|Any CPU
		{4D99B582-4CD6-4872-8783-AC5F2D9252AE}.Release|x64.Deploy.0 = Release|Any CPU
		{4D99B582-4CD6-4872-8783-AC5F2D9252AE}.Release|x86.ActiveCfg = Release|x86
		{4D99B582-4CD6-4872-8783-AC5F2D9252AE}.Release|x86.Build.0 = Release|x86
		{4D99B582-4CD6-4872-8783-AC5F2D9252AE}.Release|x86.Deploy.0 = Release|x86
		{480B43B5-2BB1-4BB0-9DBE-A51AEE9D160F}.Ad-Hoc|Any CPU.ActiveCfg = Release|x86
		{480B43B5-2BB1-4BB0-9DBE-A51AEE9D160F}.Ad-Hoc|Any CPU.Build.0 = Release|x86
		{480B43B5-2BB1-4BB0-9DBE-A51AEE9D160F}.Ad-Hoc|Any CPU.Deploy.0 = Release|x86
		{480B43B5-2BB1-4BB0-9DBE-A51AEE9D160F}.Ad-Hoc|ARM.ActiveCfg = Release|ARM
		{480B43B5-2BB1-4BB0-9DBE-A51AEE9D160F}.Ad-Hoc|ARM.Build.0 = Release|ARM
		{480B43B5-2BB1-4BB0-9DBE-A51AEE9D160F}.Ad-Hoc|ARM.Deploy.0 = Release|ARM
		{480B43B5-2BB1-4BB0-9DBE-A51AEE9D160F}.Ad-Hoc|iPhone.ActiveCfg = Release|x86
		{480B43B5-2BB1-4BB0-9DBE-A51AEE9D160F}.Ad-Hoc|iPhone.Build.0 = Release|x86
		{480B43B5-2BB1-4BB0-9DBE-A51AEE9D160F}.Ad-Hoc|iPhone.Deploy.0 = Release|x86
		{480B43B5-2BB1-4BB0-9DBE-A51AEE9D160F}.Ad-Hoc|iPhoneSimulator.ActiveCfg = Release|x86
		{480B43B5-2BB1-4BB0-9DBE-A51AEE9D160F}.Ad-Hoc|iPhoneSimulator.Build.0 = Release|x86
		{480B43B5-2BB1-4BB0-9DBE-A51AEE9D160F}.Ad-Hoc|iPhoneSimulator.Deploy.0 = Release|x86
		{480B43B5-2BB1-4BB0-9DBE-A51AEE9D160F}.Ad-Hoc|x64.ActiveCfg = Release|x64
		{480B43B5-2BB1-4BB0-9DBE-A51AEE9D160F}.Ad-Hoc|x64.Build.0 = Release|x64
		{480B43B5-2BB1-4BB0-9DBE-A51AEE9D160F}.Ad-Hoc|x64.Deploy.0 = Release|x64
		{480B43B5-2BB1-4BB0-9DBE-A51AEE9D160F}.Ad-Hoc|x86.ActiveCfg = Release|x86
		{480B43B5-2BB1-4BB0-9DBE-A51AEE9D160F}.Ad-Hoc|x86.Build.0 = Release|x86
		{480B43B5-2BB1-4BB0-9DBE-A51AEE9D160F}.Ad-Hoc|x86.Deploy.0 = Release|x86
		{480B43B5-2BB1-4BB0-9DBE-A51AEE9D160F}.AppStore|Any CPU.ActiveCfg = Release|x86
		{480B43B5-2BB1-4BB0-9DBE-A51AEE9D160F}.AppStore|Any CPU.Build.0 = Release|x86
		{480B43B5-2BB1-4BB0-9DBE-A51AEE9D160F}.AppStore|Any CPU.Deploy.0 = Release|x86
		{480B43B5-2BB1-4BB0-9DBE-A51AEE9D160F}.AppStore|ARM.ActiveCfg = Release|ARM
		{480B43B5-2BB1-4BB0-9DBE-A51AEE9D160F}.AppStore|ARM.Build.0 = Release|ARM
		{480B43B5-2BB1-4BB0-9DBE-A51AEE9D160F}.AppStore|ARM.Deploy.0 = Release|ARM
		{480B43B5-2BB1-4BB0-9DBE-A51AEE9D160F}.AppStore|iPhone.ActiveCfg = Release|x86
		{480B43B5-2BB1-4BB0-9DBE-A51AEE9D160F}.AppStore|iPhone.Build.0 = Release|x86
		{480B43B5-2BB1-4BB0-9DBE-A51AEE9D160F}.AppStore|iPhone.Deploy.0 = Release|x86
		{480B43B5-2BB1-4BB0-9DBE-A51AEE9D160F}.AppStore|iPhoneSimulator.ActiveCfg = Release|x86
		{480B43B5-2BB1-4BB0-9DBE-A51AEE9D160F}.AppStore|iPhoneSimulator.Build.0 = Release|x86
		{480B43B5-2BB1-4BB0-9DBE-A51AEE9D160F}.AppStore|iPhoneSimulator.Deploy.0 = Release|x86
		{480B43B5-2BB1-4BB0-9DBE-A51AEE9D160F}.AppStore|x64.ActiveCfg = Release|x64
		{480B43B5-2BB1-4BB0-9DBE-A51AEE9D160F}.AppStore|x64.Build.0 = Release|x64
		{480B43B5-2BB1-4BB0-9DBE-A51AEE9D160F}.AppStore|x64.Deploy.0 = Release|x64
		{480B43B5-2BB1-4BB0-9DBE-A51AEE9D160F}.AppStore|x86.ActiveCfg = Release|x86
		{480B43B5-2BB1-4BB0-9DBE-A51AEE9D160F}.AppStore|x86.Build.0 = Release|x86
		{480B43B5-2BB1-4BB0-9DBE-A51AEE9D160F}.AppStore|x86.Deploy.0 = Release|x86
		{480B43B5-2BB1-4BB0-9DBE-A51AEE9D160F}.Debug|Any CPU.ActiveCfg = Debug|x86
		{480B43B5-2BB1-4BB0-9DBE-A51AEE9D160F}.Debug|ARM.ActiveCfg = Debug|ARM
		{480B43B5-2BB1-4BB0-9DBE-A51AEE9D160F}.Debug|ARM.Build.0 = Debug|ARM
		{480B43B5-2BB1-4BB0-9DBE-A51AEE9D160F}.Debug|ARM.Deploy.0 = Debug|ARM
		{480B43B5-2BB1-4BB0-9DBE-A51AEE9D160F}.Debug|iPhone.ActiveCfg = Debug|x86
		{480B43B5-2BB1-4BB0-9DBE-A51AEE9D160F}.Debug|iPhoneSimulator.ActiveCfg = Debug|x86
		{480B43B5-2BB1-4BB0-9DBE-A51AEE9D160F}.Debug|x64.ActiveCfg = Debug|x64
		{480B43B5-2BB1-4BB0-9DBE-A51AEE9D160F}.Debug|x64.Build.0 = Debug|x64
		{480B43B5-2BB1-4BB0-9DBE-A51AEE9D160F}.Debug|x64.Deploy.0 = Debug|x64
		{480B43B5-2BB1-4BB0-9DBE-A51AEE9D160F}.Debug|x86.ActiveCfg = Debug|x86
		{480B43B5-2BB1-4BB0-9DBE-A51AEE9D160F}.Debug|x86.Build.0 = Debug|x86
		{480B43B5-2BB1-4BB0-9DBE-A51AEE9D160F}.Debug|x86.Deploy.0 = Debug|x86
		{480B43B5-2BB1-4BB0-9DBE-A51AEE9D160F}.Release|Any CPU.ActiveCfg = Release|x86
		{480B43B5-2BB1-4BB0-9DBE-A51AEE9D160F}.Release|ARM.ActiveCfg = Release|ARM
		{480B43B5-2BB1-4BB0-9DBE-A51AEE9D160F}.Release|ARM.Build.0 = Release|ARM
		{480B43B5-2BB1-4BB0-9DBE-A51AEE9D160F}.Release|ARM.Deploy.0 = Release|ARM
		{480B43B5-2BB1-4BB0-9DBE-A51AEE9D160F}.Release|iPhone.ActiveCfg = Release|x86
		{480B43B5-2BB1-4BB0-9DBE-A51AEE9D160F}.Release|iPhoneSimulator.ActiveCfg = Release|x86
		{480B43B5-2BB1-4BB0-9DBE-A51AEE9D160F}.Release|x64.ActiveCfg = Release|x64
		{480B43B5-2BB1-4BB0-9DBE-A51AEE9D160F}.Release|x64.Build.0 = Release|x64
		{480B43B5-2BB1-4BB0-9DBE-A51AEE9D160F}.Release|x64.Deploy.0 = Release|x64
		{480B43B5-2BB1-4BB0-9DBE-A51AEE9D160F}.Release|x86.ActiveCfg = Release|x86
		{480B43B5-2BB1-4BB0-9DBE-A51AEE9D160F}.Release|x86.Build.0 = Release|x86
		{480B43B5-2BB1-4BB0-9DBE-A51AEE9D160F}.Release|x86.Deploy.0 = Release|x86
		{4D35A1B9-46B0-4C49-92CC-A92FEC09160E}.Ad-Hoc|Any CPU.ActiveCfg = Release|Any CPU
		{4D35A1B9-46B0-4C49-92CC-A92FEC09160E}.Ad-Hoc|Any CPU.Build.0 = Release|Any CPU
		{4D35A1B9-46B0-4C49-92CC-A92FEC09160E}.Ad-Hoc|Any CPU.Deploy.0 = Release|Any CPU
		{4D35A1B9-46B0-4C49-92CC-A92FEC09160E}.Ad-Hoc|ARM.ActiveCfg = Release|ARM
		{4D35A1B9-46B0-4C49-92CC-A92FEC09160E}.Ad-Hoc|ARM.Build.0 = Release|ARM
		{4D35A1B9-46B0-4C49-92CC-A92FEC09160E}.Ad-Hoc|ARM.Deploy.0 = Release|ARM
		{4D35A1B9-46B0-4C49-92CC-A92FEC09160E}.Ad-Hoc|iPhone.ActiveCfg = Release|Any CPU
		{4D35A1B9-46B0-4C49-92CC-A92FEC09160E}.Ad-Hoc|iPhone.Build.0 = Release|Any CPU
		{4D35A1B9-46B0-4C49-92CC-A92FEC09160E}.Ad-Hoc|iPhone.Deploy.0 = Release|Any CPU
		{4D35A1B9-46B0-4C49-92CC-A92FEC09160E}.Ad-Hoc|iPhoneSimulator.ActiveCfg = Release|Any CPU
		{4D35A1B9-46B0-4C49-92CC-A92FEC09160E}.Ad-Hoc|iPhoneSimulator.Build.0 = Release|Any CPU
		{4D35A1B9-46B0-4C49-92CC-A92FEC09160E}.Ad-Hoc|iPhoneSimulator.Deploy.0 = Release|Any CPU
		{4D35A1B9-46B0-4C49-92CC-A92FEC09160E}.Ad-Hoc|x64.ActiveCfg = Release|x64
		{4D35A1B9-46B0-4C49-92CC-A92FEC09160E}.Ad-Hoc|x64.Build.0 = Release|x64
		{4D35A1B9-46B0-4C49-92CC-A92FEC09160E}.Ad-Hoc|x64.Deploy.0 = Release|x64
		{4D35A1B9-46B0-4C49-92CC-A92FEC09160E}.Ad-Hoc|x86.ActiveCfg = Release|x86
		{4D35A1B9-46B0-4C49-92CC-A92FEC09160E}.Ad-Hoc|x86.Build.0 = Release|x86
		{4D35A1B9-46B0-4C49-92CC-A92FEC09160E}.Ad-Hoc|x86.Deploy.0 = Release|x86
		{4D35A1B9-46B0-4C49-92CC-A92FEC09160E}.AppStore|Any CPU.ActiveCfg = Release|Any CPU
		{4D35A1B9-46B0-4C49-92CC-A92FEC09160E}.AppStore|Any CPU.Build.0 = Release|Any CPU
		{4D35A1B9-46B0-4C49-92CC-A92FEC09160E}.AppStore|Any CPU.Deploy.0 = Release|Any CPU
		{4D35A1B9-46B0-4C49-92CC-A92FEC09160E}.AppStore|ARM.ActiveCfg = Release|ARM
		{4D35A1B9-46B0-4C49-92CC-A92FEC09160E}.AppStore|ARM.Build.0 = Release|ARM
		{4D35A1B9-46B0-4C49-92CC-A92FEC09160E}.AppStore|ARM.Deploy.0 = Release|ARM
		{4D35A1B9-46B0-4C49-92CC-A92FEC09160E}.AppStore|iPhone.ActiveCfg = Release|Any CPU
		{4D35A1B9-46B0-4C49-92CC-A92FEC09160E}.AppStore|iPhone.Build.0 = Release|Any CPU
		{4D35A1B9-46B0-4C49-92CC-A92FEC09160E}.AppStore|iPhone.Deploy.0 = Release|Any CPU
		{4D35A1B9-46B0-4C49-92CC-A92FEC09160E}.AppStore|iPhoneSimulator.ActiveCfg = Release|Any CPU
		{4D35A1B9-46B0-4C49-92CC-A92FEC09160E}.AppStore|iPhoneSimulator.Build.0 = Release|Any CPU
		{4D35A1B9-46B0-4C49-92CC-A92FEC09160E}.AppStore|iPhoneSimulator.Deploy.0 = Release|Any CPU
		{4D35A1B9-46B0-4C49-92CC-A92FEC09160E}.AppStore|x64.ActiveCfg = Release|x64
		{4D35A1B9-46B0-4C49-92CC-A92FEC09160E}.AppStore|x64.Build.0 = Release|x64
		{4D35A1B9-46B0-4C49-92CC-A92FEC09160E}.AppStore|x64.Deploy.0 = Release|x64
		{4D35A1B9-46B0-4C49-92CC-A92FEC09160E}.AppStore|x86.ActiveCfg = Release|x86
		{4D35A1B9-46B0-4C49-92CC-A92FEC09160E}.AppStore|x86.Build.0 = Release|x86
		{4D35A1B9-46B0-4C49-92CC-A92FEC09160E}.AppStore|x86.Deploy.0 = Release|x86
		{4D35A1B9-46B0-4C49-92CC-A92FEC09160E}.Debug|Any CPU.ActiveCfg = Debug|Any CPU
		{4D35A1B9-46B0-4C49-92CC-A92FEC09160E}.Debug|Any CPU.Build.0 = Debug|Any CPU
		{4D35A1B9-46B0-4C49-92CC-A92FEC09160E}.Debug|Any CPU.Deploy.0 = Debug|Any CPU
		{4D35A1B9-46B0-4C49-92CC-A92FEC09160E}.Debug|ARM.ActiveCfg = Debug|ARM
		{4D35A1B9-46B0-4C49-92CC-A92FEC09160E}.Debug|ARM.Build.0 = Debug|ARM
		{4D35A1B9-46B0-4C49-92CC-A92FEC09160E}.Debug|ARM.Deploy.0 = Debug|ARM
		{4D35A1B9-46B0-4C49-92CC-A92FEC09160E}.Debug|iPhone.ActiveCfg = Debug|Any CPU
		{4D35A1B9-46B0-4C49-92CC-A92FEC09160E}.Debug|iPhone.Build.0 = Debug|Any CPU
		{4D35A1B9-46B0-4C49-92CC-A92FEC09160E}.Debug|iPhone.Deploy.0 = Debug|Any CPU
		{4D35A1B9-46B0-4C49-92CC-A92FEC09160E}.Debug|iPhoneSimulator.ActiveCfg = Debug|Any CPU
		{4D35A1B9-46B0-4C49-92CC-A92FEC09160E}.Debug|iPhoneSimulator.Build.0 = Debug|Any CPU
		{4D35A1B9-46B0-4C49-92CC-A92FEC09160E}.Debug|iPhoneSimulator.Deploy.0 = Debug|Any CPU
		{4D35A1B9-46B0-4C49-92CC-A92FEC09160E}.Debug|x64.ActiveCfg = Debug|x64
		{4D35A1B9-46B0-4C49-92CC-A92FEC09160E}.Debug|x64.Build.0 = Debug|x64
		{4D35A1B9-46B0-4C49-92CC-A92FEC09160E}.Debug|x64.Deploy.0 = Debug|x64
		{4D35A1B9-46B0-4C49-92CC-A92FEC09160E}.Debug|x86.ActiveCfg = Debug|x86
		{4D35A1B9-46B0-4C49-92CC-A92FEC09160E}.Debug|x86.Build.0 = Debug|x86
		{4D35A1B9-46B0-4C49-92CC-A92FEC09160E}.Debug|x86.Deploy.0 = Debug|x86
		{4D35A1B9-46B0-4C49-92CC-A92FEC09160E}.Release|Any CPU.ActiveCfg = Release|Any CPU
		{4D35A1B9-46B0-4C49-92CC-A92FEC09160E}.Release|Any CPU.Build.0 = Release|Any CPU
		{4D35A1B9-46B0-4C49-92CC-A92FEC09160E}.Release|Any CPU.Deploy.0 = Release|Any CPU
		{4D35A1B9-46B0-4C49-92CC-A92FEC09160E}.Release|ARM.ActiveCfg = Release|ARM
		{4D35A1B9-46B0-4C49-92CC-A92FEC09160E}.Release|ARM.Build.0 = Release|ARM
		{4D35A1B9-46B0-4C49-92CC-A92FEC09160E}.Release|ARM.Deploy.0 = Release|ARM
		{4D35A1B9-46B0-4C49-92CC-A92FEC09160E}.Release|iPhone.ActiveCfg = Release|Any CPU
		{4D35A1B9-46B0-4C49-92CC-A92FEC09160E}.Release|iPhone.Build.0 = Release|Any CPU
		{4D35A1B9-46B0-4C49-92CC-A92FEC09160E}.Release|iPhone.Deploy.0 = Release|Any CPU
		{4D35A1B9-46B0-4C49-92CC-A92FEC09160E}.Release|iPhoneSimulator.ActiveCfg = Release|Any CPU
		{4D35A1B9-46B0-4C49-92CC-A92FEC09160E}.Release|iPhoneSimulator.Build.0 = Release|Any CPU
		{4D35A1B9-46B0-4C49-92CC-A92FEC09160E}.Release|iPhoneSimulator.Deploy.0 = Release|Any CPU
		{4D35A1B9-46B0-4C49-92CC-A92FEC09160E}.Release|x64.ActiveCfg = Release|x64
		{4D35A1B9-46B0-4C49-92CC-A92FEC09160E}.Release|x64.Build.0 = Release|x64
		{4D35A1B9-46B0-4C49-92CC-A92FEC09160E}.Release|x64.Deploy.0 = Release|x64
		{4D35A1B9-46B0-4C49-92CC-A92FEC09160E}.Release|x86.ActiveCfg = Release|x86
		{4D35A1B9-46B0-4C49-92CC-A92FEC09160E}.Release|x86.Build.0 = Release|x86
		{4D35A1B9-46B0-4C49-92CC-A92FEC09160E}.Release|x86.Deploy.0 = Release|x86
	EndGlobalSection
	GlobalSection(SolutionProperties) = preSolution
		HideSolutionNode = FALSE
	EndGlobalSection
EndGlobal
